
Microsoft Visual Studio Solution File, Format Version 12.00
# Visual Studio Version 17
VisualStudioVersion = 17.5.002.0
MinimumVisualStudioVersion = 10.0.40219.1
Project("{9A19103F-16F7-4668-BE54-9A1E7A4F7556}") = "LuxeBouquetsBackEnd", "LuxeBouquetsBackEnd\LuxeBouquetsBackEnd.csproj", "{A65395F9-EACE-46BB-8F53-AD421443656F}"
EndProject
Global
	GlobalSection(SolutionConfigurationPlatforms) = preSolution
		Debug|Any CPU = Debug|Any CPU
		Release|Any CPU = Release|Any CPU
	EndGlobalSection
	GlobalSection(ProjectConfigurationPlatforms) = postSolution
		{A65395F9-EACE-46BB-8F53-AD421443656F}.Debug|Any CPU.ActiveCfg = Debug|Any CPU
		{A65395F9-EACE-46BB-8F53-AD421443656F}.Debug|Any CPU.Build.0 = Debug|Any CPU
		{A65395F9-EACE-46BB-8F53-AD421443656F}.Release|Any CPU.ActiveCfg = Release|Any CPU
		{A65395F9-EACE-46BB-8F53-AD421443656F}.Release|Any CPU.Build.0 = Release|Any CPU
	EndGlobalSection
	GlobalSection(SolutionProperties) = preSolution
		HideSolutionNode = FALSE
	EndGlobalSection
	GlobalSection(ExtensibilityGlobals) = postSolution
		SolutionGuid = {08A39FB5-8BD5-4FAE-89DA-990B14788155}
	EndGlobalSection
EndGlobal
